
Microsoft Visual Studio Solution File, Format Version 12.00
# Visual Studio Version 16
VisualStudioVersion = 16.0.30503.244
MinimumVisualStudioVersion = 10.0.40219.1
Project("{FAE04EC0-301F-11D3-BF4B-00C04F79EFBC}") = "Entities", "Entities\Entities.csproj", "{450123A3-37BC-487F-901B-8714398242E9}"
EndProject
Project("{FAE04EC0-301F-11D3-BF4B-00C04F79EFBC}") = "DataAccess", "DataAccess\DataAccess.csproj", "{E5029065-785F-42DB-A857-57CDB401EAF0}"
EndProject
Project("{FAE04EC0-301F-11D3-BF4B-00C04F79EFBC}") = "Business", "Business\Business.csproj", "{DA42D9EB-6B0D-478C-AC87-19AEF9D7248B}"
EndProject
Project("{FAE04EC0-301F-11D3-BF4B-00C04F79EFBC}") = "MvcWebUI", "MvcWebUI\MvcWebUI.csproj", "{C504B794-AD52-480D-B6FF-1CC9A1EBCECF}"
EndProject
Project("{FAE04EC0-301F-11D3-BF4B-00C04F79EFBC}") = "WebAPI", "WebAPI\WebAPI.csproj", "{0D45DA7C-6BC8-4342-AE29-BD40535A81E9}"
EndProject
Project("{FAE04EC0-301F-11D3-BF4B-00C04F79EFBC}") = "Core", "Core\Core.csproj", "{870FC20F-224A-4B77-9D23-3419ADA6385B}"
EndProject
Global
	GlobalSection(SolutionConfigurationPlatforms) = preSolution
		Debug|Any CPU = Debug|Any CPU
		Release|Any CPU = Release|Any CPU
	EndGlobalSection
	GlobalSection(ProjectConfigurationPlatforms) = postSolution
		{450123A3-37BC-487F-901B-8714398242E9}.Debug|Any CPU.ActiveCfg = Debug|Any CPU
		{450123A3-37BC-487F-901B-8714398242E9}.Debug|Any CPU.Build.0 = Debug|Any CPU
		{450123A3-37BC-487F-901B-8714398242E9}.Release|Any CPU.ActiveCfg = Release|Any CPU
		{450123A3-37BC-487F-901B-8714398242E9}.Release|Any CPU.Build.0 = Release|Any CPU
		{E5029065-785F-42DB-A857-57CDB401EAF0}.Debug|Any CPU.ActiveCfg = Debug|Any CPU
		{E5029065-785F-42DB-A857-57CDB401EAF0}.Debug|Any CPU.Build.0 = Debug|Any CPU
		{E5029065-785F-42DB-A857-57CDB401EAF0}.Release|Any CPU.ActiveCfg = Release|Any CPU
		{E5029065-785F-42DB-A857-57CDB401EAF0}.Release|Any CPU.Build.0 = Release|Any CPU
		{DA42D9EB-6B0D-478C-AC87-19AEF9D7248B}.Debug|Any CPU.ActiveCfg = Debug|Any CPU
		{DA42D9EB-6B0D-478C-AC87-19AEF9D7248B}.Debug|Any CPU.Build.0 = Debug|Any CPU
		{DA42D9EB-6B0D-478C-AC87-19AEF9D7248B}.Release|Any CPU.ActiveCfg = Release|Any CPU
		{DA42D9EB-6B0D-478C-AC87-19AEF9D7248B}.Release|Any CPU.Build.0 = Release|Any CPU
		{C504B794-AD52-480D-B6FF-1CC9A1EBCECF}.Debug|Any CPU.ActiveCfg = Debug|Any CPU
		{C504B794-AD52-480D-B6FF-1CC9A1EBCECF}.Debug|Any CPU.Build.0 = Debug|Any CPU
		{C504B794-AD52-480D-B6FF-1CC9A1EBCECF}.Release|Any CPU.ActiveCfg = Release|Any CPU
		{C504B794-AD52-480D-B6FF-1CC9A1EBCECF}.Release|Any CPU.Build.0 = Release|Any CPU
		{0D45DA7C-6BC8-4342-AE29-BD40535A81E9}.Debug|Any CPU.ActiveCfg = Debug|Any CPU
		{0D45DA7C-6BC8-4342-AE29-BD40535A81E9}.Debug|Any CPU.Build.0 = Debug|Any CPU
		{0D45DA7C-6BC8-4342-AE29-BD40535A81E9}.Release|Any CPU.ActiveCfg = Release|Any CPU
		{0D45DA7C-6BC8-4342-AE29-BD40535A81E9}.Release|Any CPU.Build.0 = Release|Any CPU
		{870FC20F-224A-4B77-9D23-3419ADA6385B}.Debug|Any CPU.ActiveCfg = Debug|Any CPU
		{870FC20F-224A-4B77-9D23-3419ADA6385B}.Debug|Any CPU.Build.0 = Debug|Any CPU
		{870FC20F-224A-4B77-9D23-3419ADA6385B}.Release|Any CPU.ActiveCfg = Release|Any CPU
		{870FC20F-224A-4B77-9D23-3419ADA6385B}.Release|Any CPU.Build.0 = Release|Any CPU
	EndGlobalSection
	GlobalSection(SolutionProperties) = preSolution
		HideSolutionNode = FALSE
	EndGlobalSection
	GlobalSection(ExtensibilityGlobals) = postSolution
		SolutionGuid = {A4462EC5-F8B5-4D61-9C35-DC1A76515D86}
	EndGlobalSection
EndGlobal
